
Microsoft Visual Studio Solution File, Format Version 12.00
# Visual Studio Version 17
VisualStudioVersion = 17.4.33205.214
MinimumVisualStudioVersion = 10.0.40219.1
Project("{9A19103F-16F7-4668-BE54-9A1E7A4F7556}") = "Manuel_Carvajal", "Manuel_Carvajal.csproj", "{ED45006E-90B9-4D0C-84B6-A5500AB69A42}"
EndProject
Global
	GlobalSection(SolutionConfigurationPlatforms) = preSolution
		Debug|Any CPU = Debug|Any CPU
		Release|Any CPU = Release|Any CPU
	EndGlobalSection
	GlobalSection(ProjectConfigurationPlatforms) = postSolution
		{ED45006E-90B9-4D0C-84B6-A5500AB69A42}.Debug|Any CPU.ActiveCfg = Debug|Any CPU
		{ED45006E-90B9-4D0C-84B6-A5500AB69A42}.Debug|Any CPU.Build.0 = Debug|Any CPU
		{ED45006E-90B9-4D0C-84B6-A5500AB69A42}.Release|Any CPU.ActiveCfg = Release|Any CPU
		{ED45006E-90B9-4D0C-84B6-A5500AB69A42}.Release|Any CPU.Build.0 = Release|Any CPU
	EndGlobalSection
	GlobalSection(SolutionProperties) = preSolution
		HideSolutionNode = FALSE
	EndGlobalSection
	GlobalSection(ExtensibilityGlobals) = postSolution
		SolutionGuid = {2744419A-6B11-4835-93E9-02CCB5EEFE93}
	EndGlobalSection
EndGlobal
